
Microsoft Visual Studio Solution File, Format Version 12.00
# Visual Studio Version 17
VisualStudioVersion = 17.0.32014.148
MinimumVisualStudioVersion = 10.0.40219.1
Project("{FAE04EC0-301F-11D3-BF4B-00C04F79EFBC}") = "Assignment Book app", "Assignment Book app\Assignment Book app.csproj", "{DD0BF3D7-E2E1-4C3D-8968-8FE4D0E60246}"
EndProject
Global
	GlobalSection(SolutionConfigurationPlatforms) = preSolution
		Debug|Any CPU = Debug|Any CPU
		Release|Any CPU = Release|Any CPU
	EndGlobalSection
	GlobalSection(ProjectConfigurationPlatforms) = postSolution
		{DD0BF3D7-E2E1-4C3D-8968-8FE4D0E60246}.Debug|Any CPU.ActiveCfg = Debug|Any CPU
		{DD0BF3D7-E2E1-4C3D-8968-8FE4D0E60246}.Debug|Any CPU.Build.0 = Debug|Any CPU
		{DD0BF3D7-E2E1-4C3D-8968-8FE4D0E60246}.Release|Any CPU.ActiveCfg = Release|Any CPU
		{DD0BF3D7-E2E1-4C3D-8968-8FE4D0E60246}.Release|Any CPU.Build.0 = Release|Any CPU
	EndGlobalSection
	GlobalSection(SolutionProperties) = preSolution
		HideSolutionNode = FALSE
	EndGlobalSection
	GlobalSection(ExtensibilityGlobals) = postSolution
		SolutionGuid = {1D2349C2-AFE5-474F-ABC9-16BC061990AC}
	EndGlobalSection
EndGlobal
