
Microsoft Visual Studio Solution File, Format Version 12.00
# Visual Studio Version 17
VisualStudioVersion = 17.0.32014.148
MinimumVisualStudioVersion = 10.0.40219.1
Project("{FAE04EC0-301F-11D3-BF4B-00C04F79EFBC}") = "Assignment Fizzbuzz", "Assignment Fizzbuzz\Assignment Fizzbuzz.csproj", "{AFAB63E7-BB04-4E0E-BF39-A6D9CBD53B1C}"
EndProject
Global
	GlobalSection(SolutionConfigurationPlatforms) = preSolution
		Debug|Any CPU = Debug|Any CPU
		Release|Any CPU = Release|Any CPU
	EndGlobalSection
	GlobalSection(ProjectConfigurationPlatforms) = postSolution
		{AFAB63E7-BB04-4E0E-BF39-A6D9CBD53B1C}.Debug|Any CPU.ActiveCfg = Debug|Any CPU
		{AFAB63E7-BB04-4E0E-BF39-A6D9CBD53B1C}.Debug|Any CPU.Build.0 = Debug|Any CPU
		{AFAB63E7-BB04-4E0E-BF39-A6D9CBD53B1C}.Release|Any CPU.ActiveCfg = Release|Any CPU
		{AFAB63E7-BB04-4E0E-BF39-A6D9CBD53B1C}.Release|Any CPU.Build.0 = Release|Any CPU
	EndGlobalSection
	GlobalSection(SolutionProperties) = preSolution
		HideSolutionNode = FALSE
	EndGlobalSection
	GlobalSection(ExtensibilityGlobals) = postSolution
		SolutionGuid = {787D84F9-3AC3-4120-8B69-8A973FC4EE42}
	EndGlobalSection
EndGlobal
