
Microsoft Visual Studio Solution File, Format Version 12.00
# Visual Studio Version 17
VisualStudioVersion = 17.0.32014.148
MinimumVisualStudioVersion = 10.0.40219.1
Project("{FAE04EC0-301F-11D3-BF4B-00C04F79EFBC}") = "ConsoleApp1", "ConsoleApp1\ConsoleApp1.csproj", "{B124D680-4B84-424E-A781-EE555D39C3AD}"
EndProject
Global
	GlobalSection(SolutionConfigurationPlatforms) = preSolution
		Debug|Any CPU = Debug|Any CPU
		Release|Any CPU = Release|Any CPU
	EndGlobalSection
	GlobalSection(ProjectConfigurationPlatforms) = postSolution
		{B124D680-4B84-424E-A781-EE555D39C3AD}.Debug|Any CPU.ActiveCfg = Debug|Any CPU
		{B124D680-4B84-424E-A781-EE555D39C3AD}.Debug|Any CPU.Build.0 = Debug|Any CPU
		{B124D680-4B84-424E-A781-EE555D39C3AD}.Release|Any CPU.ActiveCfg = Release|Any CPU
		{B124D680-4B84-424E-A781-EE555D39C3AD}.Release|Any CPU.Build.0 = Release|Any CPU
	EndGlobalSection
	GlobalSection(SolutionProperties) = preSolution
		HideSolutionNode = FALSE
	EndGlobalSection
	GlobalSection(ExtensibilityGlobals) = postSolution
		SolutionGuid = {68454A1E-3E61-4F4E-8AA5-36F86765F8F0}
	EndGlobalSection
EndGlobal
